
Microsoft Visual Studio Solution File, Format Version 12.00
# Visual Studio Version 16
VisualStudioVersion = 16.0.810.17
MinimumVisualStudioVersion = 10.0.40219.1
Project("{9A19103F-16F7-4668-BE54-9A1E7A4F7556}") = "Hermes.Website", "Hermes.Website\Hermes.Website.csproj", "{F40B3BCD-4DE2-4227-8331-F9EDE52002A3}"
EndProject
Global
	GlobalSection(SolutionConfigurationPlatforms) = preSolution
		Debug|Any CPU = Debug|Any CPU
		Release|Any CPU = Release|Any CPU
	EndGlobalSection
	GlobalSection(ProjectConfigurationPlatforms) = postSolution
		{F40B3BCD-4DE2-4227-8331-F9EDE52002A3}.Debug|Any CPU.ActiveCfg = Debug|Any CPU
		{F40B3BCD-4DE2-4227-8331-F9EDE52002A3}.Debug|Any CPU.Build.0 = Debug|Any CPU
		{F40B3BCD-4DE2-4227-8331-F9EDE52002A3}.Release|Any CPU.ActiveCfg = Release|Any CPU
		{F40B3BCD-4DE2-4227-8331-F9EDE52002A3}.Release|Any CPU.Build.0 = Release|Any CPU
	EndGlobalSection
	GlobalSection(SolutionProperties) = preSolution
		HideSolutionNode = FALSE
	EndGlobalSection
	GlobalSection(ExtensibilityGlobals) = postSolution
		SolutionGuid = {8CCC0DBB-A70E-4EA5-AD90-2AF0D8B6F762}
	EndGlobalSection
EndGlobal
